
Microsoft Visual Studio Solution File, Format Version 12.00
# Visual Studio Version 17
VisualStudioVersion = 17.4.33205.214
MinimumVisualStudioVersion = 10.0.40219.1
Project("{2150E333-8FDC-42A3-9474-1A3956D46DE8}") = "Services", "Services", "{10A01A37-F926-434D-B4A8-22880D4566E8}"
EndProject
Project("{2150E333-8FDC-42A3-9474-1A3956D46DE8}") = "Catalog", "Catalog", "{186DE555-5398-407E-B356-3FA66F395F7A}"
EndProject
Project("{9A19103F-16F7-4668-BE54-9A1E7A4F7556}") = "Catalog.Api", "Services\Catalog\Catalog.Api\Catalog.Api.csproj", "{2028B7ED-F749-4718-8781-0770339413B7}"
EndProject
Project("{2150E333-8FDC-42A3-9474-1A3956D46DE8}") = "DataBase", "DataBase", "{9FC1B778-6D15-4211-B230-477388509AF5}"
EndProject
Project("{9A19103F-16F7-4668-BE54-9A1E7A4F7556}") = "Data", "DataBase\Data\Data.csproj", "{2CCA4EB3-3D53-4825-8FBC-106DB8EBF829}"
EndProject
Project("{2150E333-8FDC-42A3-9474-1A3956D46DE8}") = "RepositeryLayer", "RepositeryLayer", "{01A675F5-50E3-486D-931E-94EF01EEC3D4}"
EndProject
Project("{9A19103F-16F7-4668-BE54-9A1E7A4F7556}") = "Repositery", "RepositeryLayer\Repositery\Repositery.csproj", "{F0DAED97-E329-4BA7-8CCD-71FCE139F4CB}"
EndProject
Project("{2150E333-8FDC-42A3-9474-1A3956D46DE8}") = "DataModel", "DataModel", "{8032A8EA-C900-408E-B9B0-F78231DF62AA}"
EndProject
Project("{9A19103F-16F7-4668-BE54-9A1E7A4F7556}") = "Dto", "DataModel\Dto\Dto.csproj", "{74EC9B97-A8F0-47FB-AF6B-F85F15F5FD29}"
EndProject
Project("{2150E333-8FDC-42A3-9474-1A3956D46DE8}") = "ShardCore", "ShardCore", "{C95C1697-7FB1-4A31-A11D-3DC033646A46}"
EndProject
Project("{9A19103F-16F7-4668-BE54-9A1E7A4F7556}") = "Core", "ShardCore\Core\Core.csproj", "{5B223981-4FD2-417A-BD2F-FFFB5AED3929}"
EndProject
Project("{E53339B2-1760-4266-BCC7-CA923CBCF16C}") = "docker-compose", "docker-compose.dcproj", "{394C79E5-9F3F-4A82-8F9F-55C3E25BAC40}"
EndProject
Project("{2150E333-8FDC-42A3-9474-1A3956D46DE8}") = "Basket", "Basket", "{60A65F9E-F89F-4135-99BE-80C7418DA13C}"
EndProject
Project("{9A19103F-16F7-4668-BE54-9A1E7A4F7556}") = "Basket.Api", "Basket\Basket.Api\Basket.Api.csproj", "{23FE143A-742E-4E97-A298-BC372D81678F}"
EndProject
Project("{2150E333-8FDC-42A3-9474-1A3956D46DE8}") = "Discount", "Discount", "{C264FD27-5A82-4C2E-9093-04D890603895}"
EndProject
Project("{9A19103F-16F7-4668-BE54-9A1E7A4F7556}") = "Discount.Api", "Services\Discount\Discount.Api\Discount.Api.csproj", "{64099B01-7995-4F17-8141-567B6BD136C6}"
EndProject
Project("{2150E333-8FDC-42A3-9474-1A3956D46DE8}") = "RealChat", "RealChat", "{19C7A465-57C9-48B1-9CAA-0C86C79B5E32}"
EndProject
Project("{9A19103F-16F7-4668-BE54-9A1E7A4F7556}") = "RealChatPrivate.api", "..\RealChat\RealChatPrivate.api\RealChatPrivate.api.csproj", "{FE9BD157-5888-424E-8AF9-60FFB4ADF7E6}"
EndProject
Project("{2150E333-8FDC-42A3-9474-1A3956D46DE8}") = "Ordering", "Ordering", "{F21B0F85-1888-48BC-AEB9-A1E59454B63D}"
EndProject
Project("{9A19103F-16F7-4668-BE54-9A1E7A4F7556}") = "Ordering.Api", "Services\Ordering\Ordering.Api\Ordering.Api\Ordering.Api.csproj", "{8DC68280-73DD-4790-9868-AD505C5C24B0}"
EndProject
Project("{2150E333-8FDC-42A3-9474-1A3956D46DE8}") = "ApiGateways", "ApiGateways", "{BDC909AC-3A07-4E30-8E35-20FD7221C46F}"
EndProject
Project("{FAE04EC0-301F-11D3-BF4B-00C04F79EFBC}") = "OcelotApiGw", "ApiGateways\OcelotApiGw\OcelotApiGw.csproj", "{65EC472F-E1AC-4D96-94DD-2EAB88786723}"
EndProject
Project("{FAE04EC0-301F-11D3-BF4B-00C04F79EFBC}") = "Ordering.Infrastructure", "Services\Ordering\Ordering.Infrastructure\Ordering.Infrastructure.csproj", "{A6D2F920-7C32-4B5D-934C-F57FC34B20C5}"
EndProject
Project("{FAE04EC0-301F-11D3-BF4B-00C04F79EFBC}") = "Ordering.Domain", "Services\Ordering\Ordering.Domain\Ordering.Domain.csproj", "{3E966877-C96D-47D3-87F5-D68F259375F2}"
EndProject
Project("{FAE04EC0-301F-11D3-BF4B-00C04F79EFBC}") = "Ordering.Application", "Services\Ordering\Ordering.Application\Ordering.Application.csproj", "{790BA461-0C52-42A0-829D-C798C94AB8A3}"
EndProject
Project("{FAE04EC0-301F-11D3-BF4B-00C04F79EFBC}") = "Discount.Grpc", "Services\Discount\Discount.Grpc\Discount.Grpc.csproj", "{E0CA7EC6-EDC1-4C7F-ACDF-50492730BEC9}"
EndProject
Global
	GlobalSection(SolutionConfigurationPlatforms) = preSolution
		Debug|Any CPU = Debug|Any CPU
		Release|Any CPU = Release|Any CPU
	EndGlobalSection
	GlobalSection(ProjectConfigurationPlatforms) = postSolution
		{2028B7ED-F749-4718-8781-0770339413B7}.Debug|Any CPU.ActiveCfg = Debug|Any CPU
		{2028B7ED-F749-4718-8781-0770339413B7}.Debug|Any CPU.Build.0 = Debug|Any CPU
		{2028B7ED-F749-4718-8781-0770339413B7}.Release|Any CPU.ActiveCfg = Release|Any CPU
		{2028B7ED-F749-4718-8781-0770339413B7}.Release|Any CPU.Build.0 = Release|Any CPU
		{2CCA4EB3-3D53-4825-8FBC-106DB8EBF829}.Debug|Any CPU.ActiveCfg = Debug|Any CPU
		{2CCA4EB3-3D53-4825-8FBC-106DB8EBF829}.Debug|Any CPU.Build.0 = Debug|Any CPU
		{2CCA4EB3-3D53-4825-8FBC-106DB8EBF829}.Release|Any CPU.ActiveCfg = Release|Any CPU
		{2CCA4EB3-3D53-4825-8FBC-106DB8EBF829}.Release|Any CPU.Build.0 = Release|Any CPU
		{F0DAED97-E329-4BA7-8CCD-71FCE139F4CB}.Debug|Any CPU.ActiveCfg = Debug|Any CPU
		{F0DAED97-E329-4BA7-8CCD-71FCE139F4CB}.Debug|Any CPU.Build.0 = Debug|Any CPU
		{F0DAED97-E329-4BA7-8CCD-71FCE139F4CB}.Release|Any CPU.ActiveCfg = Release|Any CPU
		{F0DAED97-E329-4BA7-8CCD-71FCE139F4CB}.Release|Any CPU.Build.0 = Release|Any CPU
		{74EC9B97-A8F0-47FB-AF6B-F85F15F5FD29}.Debug|Any CPU.ActiveCfg = Debug|Any CPU
		{74EC9B97-A8F0-47FB-AF6B-F85F15F5FD29}.Debug|Any CPU.Build.0 = Debug|Any CPU
		{74EC9B97-A8F0-47FB-AF6B-F85F15F5FD29}.Release|Any CPU.ActiveCfg = Release|Any CPU
		{74EC9B97-A8F0-47FB-AF6B-F85F15F5FD29}.Release|Any CPU.Build.0 = Release|Any CPU
		{5B223981-4FD2-417A-BD2F-FFFB5AED3929}.Debug|Any CPU.ActiveCfg = Debug|Any CPU
		{5B223981-4FD2-417A-BD2F-FFFB5AED3929}.Debug|Any CPU.Build.0 = Debug|Any CPU
		{5B223981-4FD2-417A-BD2F-FFFB5AED3929}.Release|Any CPU.ActiveCfg = Release|Any CPU
		{5B223981-4FD2-417A-BD2F-FFFB5AED3929}.Release|Any CPU.Build.0 = Release|Any CPU
		{394C79E5-9F3F-4A82-8F9F-55C3E25BAC40}.Debug|Any CPU.ActiveCfg = Debug|Any CPU
		{394C79E5-9F3F-4A82-8F9F-55C3E25BAC40}.Debug|Any CPU.Build.0 = Debug|Any CPU
		{394C79E5-9F3F-4A82-8F9F-55C3E25BAC40}.Release|Any CPU.ActiveCfg = Release|Any CPU
		{394C79E5-9F3F-4A82-8F9F-55C3E25BAC40}.Release|Any CPU.Build.0 = Release|Any CPU
		{23FE143A-742E-4E97-A298-BC372D81678F}.Debug|Any CPU.ActiveCfg = Debug|Any CPU
		{23FE143A-742E-4E97-A298-BC372D81678F}.Debug|Any CPU.Build.0 = Debug|Any CPU
		{23FE143A-742E-4E97-A298-BC372D81678F}.Release|Any CPU.ActiveCfg = Release|Any CPU
		{23FE143A-742E-4E97-A298-BC372D81678F}.Release|Any CPU.Build.0 = Release|Any CPU
		{64099B01-7995-4F17-8141-567B6BD136C6}.Debug|Any CPU.ActiveCfg = Debug|Any CPU
		{64099B01-7995-4F17-8141-567B6BD136C6}.Debug|Any CPU.Build.0 = Debug|Any CPU
		{64099B01-7995-4F17-8141-567B6BD136C6}.Release|Any CPU.ActiveCfg = Release|Any CPU
		{64099B01-7995-4F17-8141-567B6BD136C6}.Release|Any CPU.Build.0 = Release|Any CPU
		{FE9BD157-5888-424E-8AF9-60FFB4ADF7E6}.Debug|Any CPU.ActiveCfg = Debug|Any CPU
		{FE9BD157-5888-424E-8AF9-60FFB4ADF7E6}.Debug|Any CPU.Build.0 = Debug|Any CPU
		{FE9BD157-5888-424E-8AF9-60FFB4ADF7E6}.Release|Any CPU.ActiveCfg = Release|Any CPU
		{FE9BD157-5888-424E-8AF9-60FFB4ADF7E6}.Release|Any CPU.Build.0 = Release|Any CPU
		{8DC68280-73DD-4790-9868-AD505C5C24B0}.Debug|Any CPU.ActiveCfg = Debug|Any CPU
		{8DC68280-73DD-4790-9868-AD505C5C24B0}.Debug|Any CPU.Build.0 = Debug|Any CPU
		{8DC68280-73DD-4790-9868-AD505C5C24B0}.Release|Any CPU.ActiveCfg = Release|Any CPU
		{8DC68280-73DD-4790-9868-AD505C5C24B0}.Release|Any CPU.Build.0 = Release|Any CPU
		{65EC472F-E1AC-4D96-94DD-2EAB88786723}.Debug|Any CPU.ActiveCfg = Debug|Any CPU
		{65EC472F-E1AC-4D96-94DD-2EAB88786723}.Debug|Any CPU.Build.0 = Debug|Any CPU
		{65EC472F-E1AC-4D96-94DD-2EAB88786723}.Release|Any CPU.ActiveCfg = Release|Any CPU
		{65EC472F-E1AC-4D96-94DD-2EAB88786723}.Release|Any CPU.Build.0 = Release|Any CPU
		{A6D2F920-7C32-4B5D-934C-F57FC34B20C5}.Debug|Any CPU.ActiveCfg = Debug|Any CPU
		{A6D2F920-7C32-4B5D-934C-F57FC34B20C5}.Debug|Any CPU.Build.0 = Debug|Any CPU
		{A6D2F920-7C32-4B5D-934C-F57FC34B20C5}.Release|Any CPU.ActiveCfg = Release|Any CPU
		{A6D2F920-7C32-4B5D-934C-F57FC34B20C5}.Release|Any CPU.Build.0 = Release|Any CPU
		{3E966877-C96D-47D3-87F5-D68F259375F2}.Debug|Any CPU.ActiveCfg = Debug|Any CPU
		{3E966877-C96D-47D3-87F5-D68F259375F2}.Debug|Any CPU.Build.0 = Debug|Any CPU
		{3E966877-C96D-47D3-87F5-D68F259375F2}.Release|Any CPU.ActiveCfg = Release|Any CPU
		{3E966877-C96D-47D3-87F5-D68F259375F2}.Release|Any CPU.Build.0 = Release|Any CPU
		{790BA461-0C52-42A0-829D-C798C94AB8A3}.Debug|Any CPU.ActiveCfg = Debug|Any CPU
		{790BA461-0C52-42A0-829D-C798C94AB8A3}.Debug|Any CPU.Build.0 = Debug|Any CPU
		{790BA461-0C52-42A0-829D-C798C94AB8A3}.Release|Any CPU.ActiveCfg = Release|Any CPU
		{790BA461-0C52-42A0-829D-C798C94AB8A3}.Release|Any CPU.Build.0 = Release|Any CPU
		{E0CA7EC6-EDC1-4C7F-ACDF-50492730BEC9}.Debug|Any CPU.ActiveCfg = Debug|Any CPU
		{E0CA7EC6-EDC1-4C7F-ACDF-50492730BEC9}.Debug|Any CPU.Build.0 = Debug|Any CPU
		{E0CA7EC6-EDC1-4C7F-ACDF-50492730BEC9}.Release|Any CPU.ActiveCfg = Release|Any CPU
		{E0CA7EC6-EDC1-4C7F-ACDF-50492730BEC9}.Release|Any CPU.Build.0 = Release|Any CPU
	EndGlobalSection
	GlobalSection(SolutionProperties) = preSolution
		HideSolutionNode = FALSE
	EndGlobalSection
	GlobalSection(NestedProjects) = preSolution
		{186DE555-5398-407E-B356-3FA66F395F7A} = {10A01A37-F926-434D-B4A8-22880D4566E8}
		{2028B7ED-F749-4718-8781-0770339413B7} = {186DE555-5398-407E-B356-3FA66F395F7A}
		{2CCA4EB3-3D53-4825-8FBC-106DB8EBF829} = {9FC1B778-6D15-4211-B230-477388509AF5}
		{F0DAED97-E329-4BA7-8CCD-71FCE139F4CB} = {01A675F5-50E3-486D-931E-94EF01EEC3D4}
		{74EC9B97-A8F0-47FB-AF6B-F85F15F5FD29} = {8032A8EA-C900-408E-B9B0-F78231DF62AA}
		{5B223981-4FD2-417A-BD2F-FFFB5AED3929} = {C95C1697-7FB1-4A31-A11D-3DC033646A46}
		{60A65F9E-F89F-4135-99BE-80C7418DA13C} = {10A01A37-F926-434D-B4A8-22880D4566E8}
		{23FE143A-742E-4E97-A298-BC372D81678F} = {60A65F9E-F89F-4135-99BE-80C7418DA13C}
		{C264FD27-5A82-4C2E-9093-04D890603895} = {10A01A37-F926-434D-B4A8-22880D4566E8}
		{64099B01-7995-4F17-8141-567B6BD136C6} = {C264FD27-5A82-4C2E-9093-04D890603895}
		{19C7A465-57C9-48B1-9CAA-0C86C79B5E32} = {10A01A37-F926-434D-B4A8-22880D4566E8}
		{FE9BD157-5888-424E-8AF9-60FFB4ADF7E6} = {19C7A465-57C9-48B1-9CAA-0C86C79B5E32}
		{F21B0F85-1888-48BC-AEB9-A1E59454B63D} = {10A01A37-F926-434D-B4A8-22880D4566E8}
		{8DC68280-73DD-4790-9868-AD505C5C24B0} = {F21B0F85-1888-48BC-AEB9-A1E59454B63D}
		{65EC472F-E1AC-4D96-94DD-2EAB88786723} = {BDC909AC-3A07-4E30-8E35-20FD7221C46F}
		{A6D2F920-7C32-4B5D-934C-F57FC34B20C5} = {F21B0F85-1888-48BC-AEB9-A1E59454B63D}
		{3E966877-C96D-47D3-87F5-D68F259375F2} = {F21B0F85-1888-48BC-AEB9-A1E59454B63D}
		{790BA461-0C52-42A0-829D-C798C94AB8A3} = {F21B0F85-1888-48BC-AEB9-A1E59454B63D}
		{E0CA7EC6-EDC1-4C7F-ACDF-50492730BEC9} = {C264FD27-5A82-4C2E-9093-04D890603895}
	EndGlobalSection
	GlobalSection(ExtensibilityGlobals) = postSolution
		SolutionGuid = {E66C1A30-AFFB-4A43-8534-E887A0C00DFE}
	EndGlobalSection
EndGlobal
