
Microsoft Visual Studio Solution File, Format Version 12.00
# Visual Studio Version 17
VisualStudioVersion = 17.4.33205.214
MinimumVisualStudioVersion = 10.0.40219.1
Project("{2150E333-8FDC-42A3-9474-1A3956D46DE8}") = "Services", "Services", "{10A01A37-F926-434D-B4A8-22880D4566E8}"
EndProject
Project("{2150E333-8FDC-42A3-9474-1A3956D46DE8}") = "Catalog", "Catalog", "{186DE555-5398-407E-B356-3FA66F395F7A}"
EndProject
Project("{9A19103F-16F7-4668-BE54-9A1E7A4F7556}") = "Catalog.Api", "Services\Catalog\Catalog.Api\Catalog.Api.csproj", "{2028B7ED-F749-4718-8781-0770339413B7}"
EndProject
Project("{2150E333-8FDC-42A3-9474-1A3956D46DE8}") = "DataBase", "DataBase", "{9FC1B778-6D15-4211-B230-477388509AF5}"
EndProject
Project("{FAE04EC0-301F-11D3-BF4B-00C04F79EFBC}") = "Data", "DataBase\Data\Data.csproj", "{2CCA4EB3-3D53-4825-8FBC-106DB8EBF829}"
EndProject
Project("{2150E333-8FDC-42A3-9474-1A3956D46DE8}") = "RepositeryLayer", "RepositeryLayer", "{01A675F5-50E3-486D-931E-94EF01EEC3D4}"
EndProject
Project("{FAE04EC0-301F-11D3-BF4B-00C04F79EFBC}") = "Repositery", "RepositeryLayer\Repositery\Repositery.csproj", "{F0DAED97-E329-4BA7-8CCD-71FCE139F4CB}"
EndProject
Global
	GlobalSection(SolutionConfigurationPlatforms) = preSolution
		Debug|Any CPU = Debug|Any CPU
		Release|Any CPU = Release|Any CPU
	EndGlobalSection
	GlobalSection(ProjectConfigurationPlatforms) = postSolution
		{2028B7ED-F749-4718-8781-0770339413B7}.Debug|Any CPU.ActiveCfg = Debug|Any CPU
		{2028B7ED-F749-4718-8781-0770339413B7}.Debug|Any CPU.Build.0 = Debug|Any CPU
		{2028B7ED-F749-4718-8781-0770339413B7}.Release|Any CPU.ActiveCfg = Release|Any CPU
		{2028B7ED-F749-4718-8781-0770339413B7}.Release|Any CPU.Build.0 = Release|Any CPU
		{2CCA4EB3-3D53-4825-8FBC-106DB8EBF829}.Debug|Any CPU.ActiveCfg = Debug|Any CPU
		{2CCA4EB3-3D53-4825-8FBC-106DB8EBF829}.Debug|Any CPU.Build.0 = Debug|Any CPU
		{2CCA4EB3-3D53-4825-8FBC-106DB8EBF829}.Release|Any CPU.ActiveCfg = Release|Any CPU
		{2CCA4EB3-3D53-4825-8FBC-106DB8EBF829}.Release|Any CPU.Build.0 = Release|Any CPU
		{F0DAED97-E329-4BA7-8CCD-71FCE139F4CB}.Debug|Any CPU.ActiveCfg = Debug|Any CPU
		{F0DAED97-E329-4BA7-8CCD-71FCE139F4CB}.Debug|Any CPU.Build.0 = Debug|Any CPU
		{F0DAED97-E329-4BA7-8CCD-71FCE139F4CB}.Release|Any CPU.ActiveCfg = Release|Any CPU
		{F0DAED97-E329-4BA7-8CCD-71FCE139F4CB}.Release|Any CPU.Build.0 = Release|Any CPU
	EndGlobalSection
	GlobalSection(SolutionProperties) = preSolution
		HideSolutionNode = FALSE
	EndGlobalSection
	GlobalSection(NestedProjects) = preSolution
		{186DE555-5398-407E-B356-3FA66F395F7A} = {10A01A37-F926-434D-B4A8-22880D4566E8}
		{2028B7ED-F749-4718-8781-0770339413B7} = {186DE555-5398-407E-B356-3FA66F395F7A}
		{2CCA4EB3-3D53-4825-8FBC-106DB8EBF829} = {9FC1B778-6D15-4211-B230-477388509AF5}
		{F0DAED97-E329-4BA7-8CCD-71FCE139F4CB} = {01A675F5-50E3-486D-931E-94EF01EEC3D4}
	EndGlobalSection
	GlobalSection(ExtensibilityGlobals) = postSolution
		SolutionGuid = {E66C1A30-AFFB-4A43-8534-E887A0C00DFE}
	EndGlobalSection
EndGlobal
